
Microsoft Visual Studio Solution File, Format Version 12.00
# Visual Studio 14
VisualStudioVersion = 14.0.25420.1
MinimumVisualStudioVersion = 10.0.40219.1
Project("{8BC9CEB8-8B4A-11D0-8D11-00A0C91BC942}") = "Tuan1", "Tuan1\Tuan1.vcxproj", "{79462E94-C966-47EA-98FD-75FD64B84BD0}"
EndProject
Project("{8BC9CEB8-8B4A-11D0-8D11-00A0C91BC942}") = "Bai1", "Bai1\Bai1.vcxproj", "{55B03BFD-082E-413D-A50F-34B3EDF08CDB}"
EndProject
Project("{8BC9CEB8-8B4A-11D0-8D11-00A0C91BC942}") = "Bai2", "Bai2\Bai2.vcxproj", "{90615D3A-482B-41F2-8085-5F9A83AE092B}"
EndProject
Project("{8BC9CEB8-8B4A-11D0-8D11-00A0C91BC942}") = "Bai3", "Bai3\Bai3.vcxproj", "{612631B6-E081-4461-A17B-AB07E20BCE10}"
EndProject
Project("{8BC9CEB8-8B4A-11D0-8D11-00A0C91BC942}") = "Bai4", "Bai4\Bai4.vcxproj", "{5A9CAC97-4619-4901-9917-C158FE4CD7B3}"
EndProject
Project("{8BC9CEB8-8B4A-11D0-8D11-00A0C91BC942}") = "Bai5", "Bai5\Bai5.vcxproj", "{8A5097DA-24B8-4867-9096-A5A6F14A33AD}"
EndProject
Project("{8BC9CEB8-8B4A-11D0-8D11-00A0C91BC942}") = "Bai7", "Bai7\Bai7.vcxproj", "{EB564837-D45F-42A3-8744-43422AAD795D}"
EndProject
Project("{8BC9CEB8-8B4A-11D0-8D11-00A0C91BC942}") = "Bai6", "Bai6\Bai6.vcxproj", "{4361088B-F99A-4FBF-9151-E8A8D0B66B4D}"
EndProject
Project("{8BC9CEB8-8B4A-11D0-8D11-00A0C91BC942}") = "Bai8", "Bai8\Bai8.vcxproj", "{BA6C65F3-373E-44F3-8FC9-AEFC189B52CE}"
EndProject
Project("{8BC9CEB8-8B4A-11D0-8D11-00A0C91BC942}") = "Bai9", "Bai9\Bai9.vcxproj", "{2634FCA9-3538-46DB-AE8C-548928DF24B5}"
EndProject
Project("{8BC9CEB8-8B4A-11D0-8D11-00A0C91BC942}") = "Bai10", "Bai10\Bai10.vcxproj", "{7331F57C-5BEF-4837-B8EA-55106D54AB60}"
EndProject
Project("{8BC9CEB8-8B4A-11D0-8D11-00A0C91BC942}") = "Bai11", "Bai11\Bai11.vcxproj", "{0292FC10-5375-4A70-8097-9C80CFD56B48}"
EndProject
Project("{8BC9CEB8-8B4A-11D0-8D11-00A0C91BC942}") = "Bai12", "Bai12\Bai12.vcxproj", "{672343DF-463C-42AA-982D-4301EFD18805}"
EndProject
Project("{8BC9CEB8-8B4A-11D0-8D11-00A0C91BC942}") = "Bai13", "Bai13\Bai13.vcxproj", "{A347EB36-491B-47AA-8292-575E7B18D88D}"
EndProject
Project("{8BC9CEB8-8B4A-11D0-8D11-00A0C91BC942}") = "Bai14", "Bai14\Bai14.vcxproj", "{6F821303-5669-4F3F-8CB6-53B43D6BE160}"
EndProject
Global
	GlobalSection(SolutionConfigurationPlatforms) = preSolution
		Debug|x64 = Debug|x64
		Debug|x86 = Debug|x86
		Release|x64 = Release|x64
		Release|x86 = Release|x86
	EndGlobalSection
	GlobalSection(ProjectConfigurationPlatforms) = postSolution
		{79462E94-C966-47EA-98FD-75FD64B84BD0}.Debug|x64.ActiveCfg = Debug|x64
		{79462E94-C966-47EA-98FD-75FD64B84BD0}.Debug|x64.Build.0 = Debug|x64
		{79462E94-C966-47EA-98FD-75FD64B84BD0}.Debug|x86.ActiveCfg = Debug|Win32
		{79462E94-C966-47EA-98FD-75FD64B84BD0}.Debug|x86.Build.0 = Debug|Win32
		{79462E94-C966-47EA-98FD-75FD64B84BD0}.Release|x64.ActiveCfg = Release|x64
		{79462E94-C966-47EA-98FD-75FD64B84BD0}.Release|x64.Build.0 = Release|x64
		{79462E94-C966-47EA-98FD-75FD64B84BD0}.Release|x86.ActiveCfg = Release|Win32
		{79462E94-C966-47EA-98FD-75FD64B84BD0}.Release|x86.Build.0 = Release|Win32
		{55B03BFD-082E-413D-A50F-34B3EDF08CDB}.Debug|x64.ActiveCfg = Debug|x64
		{55B03BFD-082E-413D-A50F-34B3EDF08CDB}.Debug|x64.Build.0 = Debug|x64
		{55B03BFD-082E-413D-A50F-34B3EDF08CDB}.Debug|x86.ActiveCfg = Debug|Win32
		{55B03BFD-082E-413D-A50F-34B3EDF08CDB}.Debug|x86.Build.0 = Debug|Win32
		{55B03BFD-082E-413D-A50F-34B3EDF08CDB}.Release|x64.ActiveCfg = Release|x64
		{55B03BFD-082E-413D-A50F-34B3EDF08CDB}.Release|x64.Build.0 = Release|x64
		{55B03BFD-082E-413D-A50F-34B3EDF08CDB}.Release|x86.ActiveCfg = Release|Win32
		{55B03BFD-082E-413D-A50F-34B3EDF08CDB}.Release|x86.Build.0 = Release|Win32
		{90615D3A-482B-41F2-8085-5F9A83AE092B}.Debug|x64.ActiveCfg = Debug|x64
		{90615D3A-482B-41F2-8085-5F9A83AE092B}.Debug|x64.Build.0 = Debug|x64
		{90615D3A-482B-41F2-8085-5F9A83AE092B}.Debug|x86.ActiveCfg = Debug|Win32
		{90615D3A-482B-41F2-8085-5F9A83AE092B}.Debug|x86.Build.0 = Debug|Win32
		{90615D3A-482B-41F2-8085-5F9A83AE092B}.Release|x64.ActiveCfg = Release|x64
		{90615D3A-482B-41F2-8085-5F9A83AE092B}.Release|x64.Build.0 = Release|x64
		{90615D3A-482B-41F2-8085-5F9A83AE092B}.Release|x86.ActiveCfg = Release|Win32
		{90615D3A-482B-41F2-8085-5F9A83AE092B}.Release|x86.Build.0 = Release|Win32
		{612631B6-E081-4461-A17B-AB07E20BCE10}.Debug|x64.ActiveCfg = Debug|x64
		{612631B6-E081-4461-A17B-AB07E20BCE10}.Debug|x64.Build.0 = Debug|x64
		{612631B6-E081-4461-A17B-AB07E20BCE10}.Debug|x86.ActiveCfg = Debug|Win32
		{612631B6-E081-4461-A17B-AB07E20BCE10}.Debug|x86.Build.0 = Debug|Win32
		{612631B6-E081-4461-A17B-AB07E20BCE10}.Release|x64.ActiveCfg = Release|x64
		{612631B6-E081-4461-A17B-AB07E20BCE10}.Release|x64.Build.0 = Release|x64
		{612631B6-E081-4461-A17B-AB07E20BCE10}.Release|x86.ActiveCfg = Release|Win32
		{612631B6-E081-4461-A17B-AB07E20BCE10}.Release|x86.Build.0 = Release|Win32
		{5A9CAC97-4619-4901-9917-C158FE4CD7B3}.Debug|x64.ActiveCfg = Debug|x64
		{5A9CAC97-4619-4901-9917-C158FE4CD7B3}.Debug|x64.Build.0 = Debug|x64
		{5A9CAC97-4619-4901-9917-C158FE4CD7B3}.Debug|x86.ActiveCfg = Debug|Win32
		{5A9CAC97-4619-4901-9917-C158FE4CD7B3}.Debug|x86.Build.0 = Debug|Win32
		{5A9CAC97-4619-4901-9917-C158FE4CD7B3}.Release|x64.ActiveCfg = Release|x64
		{5A9CAC97-4619-4901-9917-C158FE4CD7B3}.Release|x64.Build.0 = Release|x64
		{5A9CAC97-4619-4901-9917-C158FE4CD7B3}.Release|x86.ActiveCfg = Release|Win32
		{5A9CAC97-4619-4901-9917-C158FE4CD7B3}.Release|x86.Build.0 = Release|Win32
		{8A5097DA-24B8-4867-9096-A5A6F14A33AD}.Debug|x64.ActiveCfg = Debug|x64
		{8A5097DA-24B8-4867-9096-A5A6F14A33AD}.Debug|x64.Build.0 = Debug|x64
		{8A5097DA-24B8-4867-9096-A5A6F14A33AD}.Debug|x86.ActiveCfg = Debug|Win32
		{8A5097DA-24B8-4867-9096-A5A6F14A33AD}.Debug|x86.Build.0 = Debug|Win32
		{8A5097DA-24B8-4867-9096-A5A6F14A33AD}.Release|x64.ActiveCfg = Release|x64
		{8A5097DA-24B8-4867-9096-A5A6F14A33AD}.Release|x64.Build.0 = Release|x64
		{8A5097DA-24B8-4867-9096-A5A6F14A33AD}.Release|x86.ActiveCfg = Release|Win32
		{8A5097DA-24B8-4867-9096-A5A6F14A33AD}.Release|x86.Build.0 = Release|Win32
		{EB564837-D45F-42A3-8744-43422AAD795D}.Debug|x64.ActiveCfg = Debug|x64
		{EB564837-D45F-42A3-8744-43422AAD795D}.Debug|x64.Build.0 = Debug|x64
		{EB564837-D45F-42A3-8744-43422AAD795D}.Debug|x86.ActiveCfg = Debug|Win32
		{EB564837-D45F-42A3-8744-43422AAD795D}.Debug|x86.Build.0 = Debug|Win32
		{EB564837-D45F-42A3-8744-43422AAD795D}.Release|x64.ActiveCfg = Release|x64
		{EB564837-D45F-42A3-8744-43422AAD795D}.Release|x64.Build.0 = Release|x64
		{EB564837-D45F-42A3-8744-43422AAD795D}.Release|x86.ActiveCfg = Release|Win32
		{EB564837-D45F-42A3-8744-43422AAD795D}.Release|x86.Build.0 = Release|Win32
		{4361088B-F99A-4FBF-9151-E8A8D0B66B4D}.Debug|x64.ActiveCfg = Debug|x64
		{4361088B-F99A-4FBF-9151-E8A8D0B66B4D}.Debug|x64.Build.0 = Debug|x64
		{4361088B-F99A-4FBF-9151-E8A8D0B66B4D}.Debug|x86.ActiveCfg = Debug|Win32
		{4361088B-F99A-4FBF-9151-E8A8D0B66B4D}.Debug|x86.Build.0 = Debug|Win32
		{4361088B-F99A-4FBF-9151-E8A8D0B66B4D}.Release|x64.ActiveCfg = Release|x64
		{4361088B-F99A-4FBF-9151-E8A8D0B66B4D}.Release|x64.Build.0 = Release|x64
		{4361088B-F99A-4FBF-9151-E8A8D0B66B4D}.Release|x86.ActiveCfg = Release|Win32
		{4361088B-F99A-4FBF-9151-E8A8D0B66B4D}.Release|x86.Build.0 = Release|Win32
		{BA6C65F3-373E-44F3-8FC9-AEFC189B52CE}.Debug|x64.ActiveCfg = Debug|x64
		{BA6C65F3-373E-44F3-8FC9-AEFC189B52CE}.Debug|x64.Build.0 = Debug|x64
		{BA6C65F3-373E-44F3-8FC9-AEFC189B52CE}.Debug|x86.ActiveCfg = Debug|Win32
		{BA6C65F3-373E-44F3-8FC9-AEFC189B52CE}.Debug|x86.Build.0 = Debug|Win32
		{BA6C65F3-373E-44F3-8FC9-AEFC189B52CE}.Release|x64.ActiveCfg = Release|x64
		{BA6C65F3-373E-44F3-8FC9-AEFC189B52CE}.Release|x64.Build.0 = Release|x64
		{BA6C65F3-373E-44F3-8FC9-AEFC189B52CE}.Release|x86.ActiveCfg = Release|Win32
		{BA6C65F3-373E-44F3-8FC9-AEFC189B52CE}.Release|x86.Build.0 = Release|Win32
		{2634FCA9-3538-46DB-AE8C-548928DF24B5}.Debug|x64.ActiveCfg = Debug|x64
		{2634FCA9-3538-46DB-AE8C-548928DF24B5}.Debug|x64.Build.0 = Debug|x64
		{2634FCA9-3538-46DB-AE8C-548928DF24B5}.Debug|x86.ActiveCfg = Debug|Win32
		{2634FCA9-3538-46DB-AE8C-548928DF24B5}.Debug|x86.Build.0 = Debug|Win32
		{2634FCA9-3538-46DB-AE8C-548928DF24B5}.Release|x64.ActiveCfg = Release|x64
		{2634FCA9-3538-46DB-AE8C-548928DF24B5}.Release|x64.Build.0 = Release|x64
		{2634FCA9-3538-46DB-AE8C-548928DF24B5}.Release|x86.ActiveCfg = Release|Win32
		{2634FCA9-3538-46DB-AE8C-548928DF24B5}.Release|x86.Build.0 = Release|Win32
		{7331F57C-5BEF-4837-B8EA-55106D54AB60}.Debug|x64.ActiveCfg = Debug|x64
		{7331F57C-5BEF-4837-B8EA-55106D54AB60}.Debug|x64.Build.0 = Debug|x64
		{7331F57C-5BEF-4837-B8EA-55106D54AB60}.Debug|x86.ActiveCfg = Debug|Win32
		{7331F57C-5BEF-4837-B8EA-55106D54AB60}.Debug|x86.Build.0 = Debug|Win32
		{7331F57C-5BEF-4837-B8EA-55106D54AB60}.Release|x64.ActiveCfg = Release|x64
		{7331F57C-5BEF-4837-B8EA-55106D54AB60}.Release|x64.Build.0 = Release|x64
		{7331F57C-5BEF-4837-B8EA-55106D54AB60}.Release|x86.ActiveCfg = Release|Win32
		{7331F57C-5BEF-4837-B8EA-55106D54AB60}.Release|x86.Build.0 = Release|Win32
		{0292FC10-5375-4A70-8097-9C80CFD56B48}.Debug|x64.ActiveCfg = Debug|x64
		{0292FC10-5375-4A70-8097-9C80CFD56B48}.Debug|x64.Build.0 = Debug|x64
		{0292FC10-5375-4A70-8097-9C80CFD56B48}.Debug|x86.ActiveCfg = Debug|Win32
		{0292FC10-5375-4A70-8097-9C80CFD56B48}.Debug|x86.Build.0 = Debug|Win32
		{0292FC10-5375-4A70-8097-9C80CFD56B48}.Release|x64.ActiveCfg = Release|x64
		{0292FC10-5375-4A70-8097-9C80CFD56B48}.Release|x64.Build.0 = Release|x64
		{0292FC10-5375-4A70-8097-9C80CFD56B48}.Release|x86.ActiveCfg = Release|Win32
		{0292FC10-5375-4A70-8097-9C80CFD56B48}.Release|x86.Build.0 = Release|Win32
		{672343DF-463C-42AA-982D-4301EFD18805}.Debug|x64.ActiveCfg = Debug|x64
		{672343DF-463C-42AA-982D-4301EFD18805}.Debug|x64.Build.0 = Debug|x64
		{672343DF-463C-42AA-982D-4301EFD18805}.Debug|x86.ActiveCfg = Debug|Win32
		{672343DF-463C-42AA-982D-4301EFD18805}.Debug|x86.Build.0 = Debug|Win32
		{672343DF-463C-42AA-982D-4301EFD18805}.Release|x64.ActiveCfg = Release|x64
		{672343DF-463C-42AA-982D-4301EFD18805}.Release|x64.Build.0 = Release|x64
		{672343DF-463C-42AA-982D-4301EFD18805}.Release|x86.ActiveCfg = Release|Win32
		{672343DF-463C-42AA-982D-4301EFD18805}.Release|x86.Build.0 = Release|Win32
		{A347EB36-491B-47AA-8292-575E7B18D88D}.Debug|x64.ActiveCfg = Debug|x64
		{A347EB36-491B-47AA-8292-575E7B18D88D}.Debug|x64.Build.0 = Debug|x64
		{A347EB36-491B-47AA-8292-575E7B18D88D}.Debug|x86.ActiveCfg = Debug|Win32
		{A347EB36-491B-47AA-8292-575E7B18D88D}.Debug|x86.Build.0 = Debug|Win32
		{A347EB36-491B-47AA-8292-575E7B18D88D}.Release|x64.ActiveCfg = Release|x64
		{A347EB36-491B-47AA-8292-575E7B18D88D}.Release|x64.Build.0 = Release|x64
		{A347EB36-491B-47AA-8292-575E7B18D88D}.Release|x86.ActiveCfg = Release|Win32
		{A347EB36-491B-47AA-8292-575E7B18D88D}.Release|x86.Build.0 = Release|Win32
		{6F821303-5669-4F3F-8CB6-53B43D6BE160}.Debug|x64.ActiveCfg = Debug|x64
		{6F821303-5669-4F3F-8CB6-53B43D6BE160}.Debug|x64.Build.0 = Debug|x64
		{6F821303-5669-4F3F-8CB6-53B43D6BE160}.Debug|x86.ActiveCfg = Debug|Win32
		{6F821303-5669-4F3F-8CB6-53B43D6BE160}.Debug|x86.Build.0 = Debug|Win32
		{6F821303-5669-4F3F-8CB6-53B43D6BE160}.Release|x64.ActiveCfg = Release|x64
		{6F821303-5669-4F3F-8CB6-53B43D6BE160}.Release|x64.Build.0 = Release|x64
		{6F821303-5669-4F3F-8CB6-53B43D6BE160}.Release|x86.ActiveCfg = Release|Win32
		{6F821303-5669-4F3F-8CB6-53B43D6BE160}.Release|x86.Build.0 = Release|Win32
	EndGlobalSection
	GlobalSection(SolutionProperties) = preSolution
		HideSolutionNode = FALSE
	EndGlobalSection
EndGlobal
